
Microsoft Visual Studio Solution File, Format Version 12.00
# Visual Studio Version 16
VisualStudioVersion = 16.0.30621.155
MinimumVisualStudioVersion = 10.0.40219.1
Project("{888888A0-9F3D-457C-B088-3A5042F75D52}") = "PythonLists", "PythonLists.pyproj", "{6A9EFA59-CEB4-4804-B21D-2F6B1066D8D4}"
EndProject
Global
	GlobalSection(SolutionConfigurationPlatforms) = preSolution
		Debug|Any CPU = Debug|Any CPU
		Release|Any CPU = Release|Any CPU
	EndGlobalSection
	GlobalSection(ProjectConfigurationPlatforms) = postSolution
		{6A9EFA59-CEB4-4804-B21D-2F6B1066D8D4}.Debug|Any CPU.ActiveCfg = Debug|Any CPU
		{6A9EFA59-CEB4-4804-B21D-2F6B1066D8D4}.Release|Any CPU.ActiveCfg = Release|Any CPU
	EndGlobalSection
	GlobalSection(SolutionProperties) = preSolution
		HideSolutionNode = FALSE
	EndGlobalSection
	GlobalSection(ExtensibilityGlobals) = postSolution
		SolutionGuid = {EF343A6D-CFBF-42C1-96EB-E84D70DBAFA1}
	EndGlobalSection
EndGlobal
